
Microsoft Visual Studio Solution File, Format Version 12.00
Project("{FAE04EC0-301F-11D3-BF4B-00C04F79EFBC}") = "Proyecto BASES-POO 2021", "Proyecto BASES-POO 2021.csproj", "{D658BCE7-A8B8-4B13-8725-BDCE527EF5C6}"
EndProject
Global
	GlobalSection(SolutionConfigurationPlatforms) = preSolution
		Debug|Any CPU = Debug|Any CPU
		Release|Any CPU = Release|Any CPU
	EndGlobalSection
	GlobalSection(ProjectConfigurationPlatforms) = postSolution
		{D658BCE7-A8B8-4B13-8725-BDCE527EF5C6}.Debug|Any CPU.ActiveCfg = Debug|Any CPU
		{D658BCE7-A8B8-4B13-8725-BDCE527EF5C6}.Debug|Any CPU.Build.0 = Debug|Any CPU
		{D658BCE7-A8B8-4B13-8725-BDCE527EF5C6}.Release|Any CPU.ActiveCfg = Release|Any CPU
		{D658BCE7-A8B8-4B13-8725-BDCE527EF5C6}.Release|Any CPU.Build.0 = Release|Any CPU
	EndGlobalSection
EndGlobal
